
Microsoft Visual Studio Solution File, Format Version 12.00
# Visual Studio Version 17
VisualStudioVersion = 17.5.002.0
MinimumVisualStudioVersion = 10.0.40219.1
Project("{9A19103F-16F7-4668-BE54-9A1E7A4F7556}") = "dotnetapp", "dotnetapp\dotnetapp.csproj", "{77171050-B19D-429E-8C5C-D53F6BFBA697}"
EndProject
Global
	GlobalSection(SolutionConfigurationPlatforms) = preSolution
		Debug|Any CPU = Debug|Any CPU
		Release|Any CPU = Release|Any CPU
	EndGlobalSection
	GlobalSection(ProjectConfigurationPlatforms) = postSolution
		{77171050-B19D-429E-8C5C-D53F6BFBA697}.Debug|Any CPU.ActiveCfg = Debug|Any CPU
		{77171050-B19D-429E-8C5C-D53F6BFBA697}.Debug|Any CPU.Build.0 = Debug|Any CPU
		{77171050-B19D-429E-8C5C-D53F6BFBA697}.Release|Any CPU.ActiveCfg = Release|Any CPU
		{77171050-B19D-429E-8C5C-D53F6BFBA697}.Release|Any CPU.Build.0 = Release|Any CPU
	EndGlobalSection
	GlobalSection(SolutionProperties) = preSolution
		HideSolutionNode = FALSE
	EndGlobalSection
	GlobalSection(ExtensibilityGlobals) = postSolution
		SolutionGuid = {79D65759-6938-4C87-BA97-34393E3C4905}
	EndGlobalSection
EndGlobal
